{
  "name": "@angular-dynaform/material",
  "version": "0.6.0",
  "lockfileVersion": 1,
  "requires": true,
  "dependencies": {
    "@angular-dynaform/core": {
      "version": "file:../../../dist/@angular-dynaform/core",
      "requires": {
        "tslib": "1.9.0"
      },
      "dependencies": {
        "tslib": {
          "version": "1.9.0",
          "bundled": true
        }
      }
    }
  }
}
